
Microsoft Visual Studio Solution File, Format Version 12.00
# Visual Studio Version 16
VisualStudioVersion = 16.0.31702.278
MinimumVisualStudioVersion = 10.0.40219.1
Project("{FAE04EC0-301F-11D3-BF4B-00C04F79EFBC}") = "Todo Ofertas", "Todo Ofertas.csproj", "{EF580578-8745-4CA2-B3B4-3E6A9A0332B6}"
EndProject
Project("{FAE04EC0-301F-11D3-BF4B-00C04F79EFBC}") = "Persistencia", "Persistencia\Persistencia.csproj", "{44898413-3E9A-4B98-84F7-89101C702CF1}"
EndProject
Project("{FAE04EC0-301F-11D3-BF4B-00C04F79EFBC}") = "Presentacion", "..\Presentacion\Presentacion.csproj", "{FEB9DE4B-9D8C-4C7C-92AB-5848137DBF22}"
EndProject
Global
	GlobalSection(SolutionConfigurationPlatforms) = preSolution
		Debug|Any CPU = Debug|Any CPU
		Release|Any CPU = Release|Any CPU
	EndGlobalSection
	GlobalSection(ProjectConfigurationPlatforms) = postSolution
		{EF580578-8745-4CA2-B3B4-3E6A9A0332B6}.Debug|Any CPU.ActiveCfg = Debug|Any CPU
		{EF580578-8745-4CA2-B3B4-3E6A9A0332B6}.Debug|Any CPU.Build.0 = Debug|Any CPU
		{EF580578-8745-4CA2-B3B4-3E6A9A0332B6}.Release|Any CPU.ActiveCfg = Release|Any CPU
		{EF580578-8745-4CA2-B3B4-3E6A9A0332B6}.Release|Any CPU.Build.0 = Release|Any CPU
		{44898413-3E9A-4B98-84F7-89101C702CF1}.Debug|Any CPU.ActiveCfg = Debug|Any CPU
		{44898413-3E9A-4B98-84F7-89101C702CF1}.Debug|Any CPU.Build.0 = Debug|Any CPU
		{44898413-3E9A-4B98-84F7-89101C702CF1}.Release|Any CPU.ActiveCfg = Release|Any CPU
		{44898413-3E9A-4B98-84F7-89101C702CF1}.Release|Any CPU.Build.0 = Release|Any CPU
		{FEB9DE4B-9D8C-4C7C-92AB-5848137DBF22}.Debug|Any CPU.ActiveCfg = Debug|Any CPU
		{FEB9DE4B-9D8C-4C7C-92AB-5848137DBF22}.Debug|Any CPU.Build.0 = Debug|Any CPU
		{FEB9DE4B-9D8C-4C7C-92AB-5848137DBF22}.Release|Any CPU.ActiveCfg = Release|Any CPU
		{FEB9DE4B-9D8C-4C7C-92AB-5848137DBF22}.Release|Any CPU.Build.0 = Release|Any CPU
	EndGlobalSection
	GlobalSection(SolutionProperties) = preSolution
		HideSolutionNode = FALSE
	EndGlobalSection
	GlobalSection(ExtensibilityGlobals) = postSolution
		SolutionGuid = {ACD60458-E714-47C9-A9F0-536B15721C40}
	EndGlobalSection
EndGlobal
